
Microsoft Visual Studio Solution File, Format Version 12.00
# Visual Studio 15
VisualStudioVersion = 15.0.27004.2006
MinimumVisualStudioVersion = 10.0.40219.1
Project("{9A19103F-16F7-4668-BE54-9A1E7A4F7556}") = "Stalware.SqlMapper", "Stalware.SqlMapper\Stalware.SqlMapper.csproj", "{A05A0BE4-153E-4146-B0EA-89EA016C26B7}"
EndProject
Project("{9A19103F-16F7-4668-BE54-9A1E7A4F7556}") = "Stalware.SqlMapper.Tests", "Stalware.SqlMapper.Tests\Stalware.SqlMapper.Tests.csproj", "{4E1630CE-87F1-4809-8172-5F88C4D2C791}"
EndProject
Global
	GlobalSection(SolutionConfigurationPlatforms) = preSolution
		Debug|Any CPU = Debug|Any CPU
		Release|Any CPU = Release|Any CPU
	EndGlobalSection
	GlobalSection(ProjectConfigurationPlatforms) = postSolution
		{A05A0BE4-153E-4146-B0EA-89EA016C26B7}.Debug|Any CPU.ActiveCfg = Debug|Any CPU
		{A05A0BE4-153E-4146-B0EA-89EA016C26B7}.Debug|Any CPU.Build.0 = Debug|Any CPU
		{A05A0BE4-153E-4146-B0EA-89EA016C26B7}.Release|Any CPU.ActiveCfg = Release|Any CPU
		{A05A0BE4-153E-4146-B0EA-89EA016C26B7}.Release|Any CPU.Build.0 = Release|Any CPU
		{4E1630CE-87F1-4809-8172-5F88C4D2C791}.Debug|Any CPU.ActiveCfg = Debug|Any CPU
		{4E1630CE-87F1-4809-8172-5F88C4D2C791}.Debug|Any CPU.Build.0 = Debug|Any CPU
		{4E1630CE-87F1-4809-8172-5F88C4D2C791}.Release|Any CPU.ActiveCfg = Release|Any CPU
		{4E1630CE-87F1-4809-8172-5F88C4D2C791}.Release|Any CPU.Build.0 = Release|Any CPU
	EndGlobalSection
	GlobalSection(SolutionProperties) = preSolution
		HideSolutionNode = FALSE
	EndGlobalSection
	GlobalSection(ExtensibilityGlobals) = postSolution
		SolutionGuid = {B4DC2F52-EAE5-446D-BA93-CAE63B2B0557}
	EndGlobalSection
EndGlobal
